
Microsoft Visual Studio Solution File, Format Version 12.00
# Visual Studio Version 16
VisualStudioVersion = 16.0.31624.102
MinimumVisualStudioVersion = 10.0.40219.1
Project("{FAE04EC0-301F-11D3-BF4B-00C04F79EFBC}") = "InheritanceAndPolymorphismEx4", "InheritanceAndPolymorphismEx4.csproj", "{A484FAC6-F696-4052-8FCB-E0C7E8D87541}"
EndProject
Global
	GlobalSection(SolutionConfigurationPlatforms) = preSolution
		Debug|Any CPU = Debug|Any CPU
		Release|Any CPU = Release|Any CPU
	EndGlobalSection
	GlobalSection(ProjectConfigurationPlatforms) = postSolution
		{A484FAC6-F696-4052-8FCB-E0C7E8D87541}.Debug|Any CPU.ActiveCfg = Debug|Any CPU
		{A484FAC6-F696-4052-8FCB-E0C7E8D87541}.Debug|Any CPU.Build.0 = Debug|Any CPU
		{A484FAC6-F696-4052-8FCB-E0C7E8D87541}.Release|Any CPU.ActiveCfg = Release|Any CPU
		{A484FAC6-F696-4052-8FCB-E0C7E8D87541}.Release|Any CPU.Build.0 = Release|Any CPU
	EndGlobalSection
	GlobalSection(SolutionProperties) = preSolution
		HideSolutionNode = FALSE
	EndGlobalSection
	GlobalSection(ExtensibilityGlobals) = postSolution
		SolutionGuid = {809665B4-30A5-4021-BA7E-3EE00CEBACA5}
	EndGlobalSection
EndGlobal
