
Microsoft Visual Studio Solution File, Format Version 12.00
# Visual Studio Version 16
VisualStudioVersion = 16.0.31624.102
MinimumVisualStudioVersion = 10.0.40219.1
Project("{FAE04EC0-301F-11D3-BF4B-00C04F79EFBC}") = "InheritanceAndPolymorphismEx2", "InheritanceAndPolymorphismEx2.csproj", "{1E4DDDDB-360B-4645-A439-4BE7A4D03D40}"
EndProject
Global
	GlobalSection(SolutionConfigurationPlatforms) = preSolution
		Debug|Any CPU = Debug|Any CPU
		Release|Any CPU = Release|Any CPU
	EndGlobalSection
	GlobalSection(ProjectConfigurationPlatforms) = postSolution
		{1E4DDDDB-360B-4645-A439-4BE7A4D03D40}.Debug|Any CPU.ActiveCfg = Debug|Any CPU
		{1E4DDDDB-360B-4645-A439-4BE7A4D03D40}.Debug|Any CPU.Build.0 = Debug|Any CPU
		{1E4DDDDB-360B-4645-A439-4BE7A4D03D40}.Release|Any CPU.ActiveCfg = Release|Any CPU
		{1E4DDDDB-360B-4645-A439-4BE7A4D03D40}.Release|Any CPU.Build.0 = Release|Any CPU
	EndGlobalSection
	GlobalSection(SolutionProperties) = preSolution
		HideSolutionNode = FALSE
	EndGlobalSection
	GlobalSection(ExtensibilityGlobals) = postSolution
		SolutionGuid = {1815029F-7977-4AC2-BA44-9105F0AE8C31}
	EndGlobalSection
EndGlobal
